{
  "pins" : [
    {
      "identity" : "coregraphicsextensions",
      "kind" : "remoteSourceControl",
      "location" : "https://github.com/heestand-xyz/CoreGraphicsExtensions",
      "state" : {
        "revision" : "3e6f28cf2bbc7fca9933fd4addd60d21a00c83b7",
        "version" : "1.3.2"
      }
    },
    {
      "identity" : "pixelcolor",
      "kind" : "remoteSourceControl",
      "location" : "https://github.com/heestand-xyz/PixelColor",
      "state" : {
        "revision" : "fe268b31447bde8b3e2611d4090887a502c256b0",
        "version" : "1.4.0"
      }
    },
    {
      "identity" : "pixelkit",
      "kind" : "remoteSourceControl",
      "location" : "https://github.com/heestand-xyz/PixelKit",
      "state" : {
        "revision" : "1d20f0db7536ea433fecd924b5eea8e1ad3bd8f1",
        "version" : "2.2.4"
      }
    },
    {
      "identity" : "renderkit",
      "kind" : "remoteSourceControl",
      "location" : "https://github.com/heestand-xyz/RenderKit",
      "state" : {
        "revision" : "06782ee0ea9d15ded503bfc7ee7efb9db53859b1",
        "version" : "1.2.3"
      }
    },
    {
      "identity" : "resolution",
      "kind" : "remoteSourceControl",
      "location" : "https://github.com/heestand-xyz/Resolution",
      "state" : {
        "revision" : "0fdee03d7b312f075897cdac437f366cc6631d6a",
        "version" : "1.0.4"
      }
    },
    {
      "identity" : "swiftfx",
      "kind" : "remoteSourceControl",
      "location" : "https://github.com/heestand-xyz/SwiftFX.git",
      "state" : {
        "revision" : "5542eae94ac014b78ab832dfd22610904d626c60",
        "version" : "1.0.0"
      }
    },
    {
      "identity" : "texturemap",
      "kind" : "remoteSourceControl",
      "location" : "https://github.com/heestand-xyz/TextureMap",
      "state" : {
        "revision" : "2f14b1209b7aa4013be977407b5713c33f433f9f",
        "version" : "0.6.3"
      }
    }
  ],
  "version" : 2
}
